
Microsoft Visual Studio Solution File, Format Version 12.00
# Visual Studio 2013
VisualStudioVersion = 12.0.21005.1
MinimumVisualStudioVersion = 10.0.40219.1
Project("{FAE04EC0-301F-11D3-BF4B-00C04F79EFBC}") = "QIQU.Web", "QIQU\QIQU.Web.csproj", "{19318B5A-7B81-4B40-8983-86A882C295A6}"
EndProject
Project("{FAE04EC0-301F-11D3-BF4B-00C04F79EFBC}") = "QIQU.Manage", "QIQU.Manage\QIQU.Manage.csproj", "{AA99B353-3551-4EED-89F1-252D01B426EE}"
EndProject
Project("{FAE04EC0-301F-11D3-BF4B-00C04F79EFBC}") = "QIQU.Entity", "QIQU.Entity\QIQU.Entity.csproj", "{52B7FB15-3A24-4673-8730-6880B72C2B6C}"
EndProject
Project("{FAE04EC0-301F-11D3-BF4B-00C04F79EFBC}") = "QIQU.Manage.Service", "QIQU.Manage.Service\QIQU.Manage.Service.csproj", "{4AA21D0E-BEA0-404E-9B06-1CDFE9640789}"
EndProject
Project("{FAE04EC0-301F-11D3-BF4B-00C04F79EFBC}") = "QIQU.Tools", "QIQU.Tools\QIQU.Tools.csproj", "{352B6584-1692-451F-BBE5-8487E3BD4A52}"
EndProject
Project("{FAE04EC0-301F-11D3-BF4B-00C04F79EFBC}") = "QIQU.Service", "QIQU.Service\QIQU.Service.csproj", "{B9816B7E-D17F-4168-AA9B-F26B905E304A}"
EndProject
Project("{FAE04EC0-301F-11D3-BF4B-00C04F79EFBC}") = "QIQU.AutoPublishing", "QIQU.AutoPublishing\QIQU.AutoPublishing.csproj", "{92AE787F-AFE2-48DE-9540-A9EBF959407F}"
EndProject
Project("{FAE04EC0-301F-11D3-BF4B-00C04F79EFBC}") = "QIQU.Manage.Wap", "QIQU.Manage.Wap\QIQU.Manage.Wap.csproj", "{BE9074C7-9668-42D3-B23F-F0B6F89407AE}"
EndProject
Project("{2150E333-8FDC-42A3-9474-1A3956D46DE8}") = "Manage", "Manage", "{28801D31-3B54-48BF-953E-9795682EE3B2}"
EndProject
Project("{2150E333-8FDC-42A3-9474-1A3956D46DE8}") = "Common", "Common", "{D555D269-9FB8-4A40-BE8B-1750A97F7768}"
EndProject
Project("{FAE04EC0-301F-11D3-BF4B-00C04F79EFBC}") = "QIQU.Wap", "QIQU.Wap\QIQU.Wap.csproj", "{2694B239-8C2F-4F35-BAB0-ED4E92CA6979}"
EndProject
Project("{2150E333-8FDC-42A3-9474-1A3956D46DE8}") = "Task Txt", "Task Txt", "{E83189F9-A96D-4DDC-8D57-AB95C1F7F6AC}"
	ProjectSection(SolutionItems) = preProject
		first.txt = first.txt
		future.txt = future.txt
	EndProjectSection
EndProject
Global
	GlobalSection(SolutionConfigurationPlatforms) = preSolution
		Debug|Any CPU = Debug|Any CPU
		Release|Any CPU = Release|Any CPU
	EndGlobalSection
	GlobalSection(ProjectConfigurationPlatforms) = postSolution
		{19318B5A-7B81-4B40-8983-86A882C295A6}.Debug|Any CPU.ActiveCfg = Debug|Any CPU
		{19318B5A-7B81-4B40-8983-86A882C295A6}.Debug|Any CPU.Build.0 = Debug|Any CPU
		{19318B5A-7B81-4B40-8983-86A882C295A6}.Release|Any CPU.ActiveCfg = Release|Any CPU
		{19318B5A-7B81-4B40-8983-86A882C295A6}.Release|Any CPU.Build.0 = Release|Any CPU
		{AA99B353-3551-4EED-89F1-252D01B426EE}.Debug|Any CPU.ActiveCfg = Debug|Any CPU
		{AA99B353-3551-4EED-89F1-252D01B426EE}.Debug|Any CPU.Build.0 = Debug|Any CPU
		{AA99B353-3551-4EED-89F1-252D01B426EE}.Release|Any CPU.ActiveCfg = Release|Any CPU
		{AA99B353-3551-4EED-89F1-252D01B426EE}.Release|Any CPU.Build.0 = Release|Any CPU
		{52B7FB15-3A24-4673-8730-6880B72C2B6C}.Debug|Any CPU.ActiveCfg = Debug|Any CPU
		{52B7FB15-3A24-4673-8730-6880B72C2B6C}.Debug|Any CPU.Build.0 = Debug|Any CPU
		{52B7FB15-3A24-4673-8730-6880B72C2B6C}.Release|Any CPU.ActiveCfg = Release|Any CPU
		{52B7FB15-3A24-4673-8730-6880B72C2B6C}.Release|Any CPU.Build.0 = Release|Any CPU
		{4AA21D0E-BEA0-404E-9B06-1CDFE9640789}.Debug|Any CPU.ActiveCfg = Debug|Any CPU
		{4AA21D0E-BEA0-404E-9B06-1CDFE9640789}.Debug|Any CPU.Build.0 = Debug|Any CPU
		{4AA21D0E-BEA0-404E-9B06-1CDFE9640789}.Release|Any CPU.ActiveCfg = Release|Any CPU
		{4AA21D0E-BEA0-404E-9B06-1CDFE9640789}.Release|Any CPU.Build.0 = Release|Any CPU
		{352B6584-1692-451F-BBE5-8487E3BD4A52}.Debug|Any CPU.ActiveCfg = Debug|Any CPU
		{352B6584-1692-451F-BBE5-8487E3BD4A52}.Debug|Any CPU.Build.0 = Debug|Any CPU
		{352B6584-1692-451F-BBE5-8487E3BD4A52}.Release|Any CPU.ActiveCfg = Release|Any CPU
		{352B6584-1692-451F-BBE5-8487E3BD4A52}.Release|Any CPU.Build.0 = Release|Any CPU
		{B9816B7E-D17F-4168-AA9B-F26B905E304A}.Debug|Any CPU.ActiveCfg = Debug|Any CPU
		{B9816B7E-D17F-4168-AA9B-F26B905E304A}.Debug|Any CPU.Build.0 = Debug|Any CPU
		{B9816B7E-D17F-4168-AA9B-F26B905E304A}.Release|Any CPU.ActiveCfg = Release|Any CPU
		{B9816B7E-D17F-4168-AA9B-F26B905E304A}.Release|Any CPU.Build.0 = Release|Any CPU
		{92AE787F-AFE2-48DE-9540-A9EBF959407F}.Debug|Any CPU.ActiveCfg = Debug|Any CPU
		{92AE787F-AFE2-48DE-9540-A9EBF959407F}.Debug|Any CPU.Build.0 = Debug|Any CPU
		{92AE787F-AFE2-48DE-9540-A9EBF959407F}.Release|Any CPU.ActiveCfg = Release|Any CPU
		{92AE787F-AFE2-48DE-9540-A9EBF959407F}.Release|Any CPU.Build.0 = Release|Any CPU
		{BE9074C7-9668-42D3-B23F-F0B6F89407AE}.Debug|Any CPU.ActiveCfg = Debug|Any CPU
		{BE9074C7-9668-42D3-B23F-F0B6F89407AE}.Debug|Any CPU.Build.0 = Debug|Any CPU
		{BE9074C7-9668-42D3-B23F-F0B6F89407AE}.Release|Any CPU.ActiveCfg = Release|Any CPU
		{BE9074C7-9668-42D3-B23F-F0B6F89407AE}.Release|Any CPU.Build.0 = Release|Any CPU
		{2694B239-8C2F-4F35-BAB0-ED4E92CA6979}.Debug|Any CPU.ActiveCfg = Debug|Any CPU
		{2694B239-8C2F-4F35-BAB0-ED4E92CA6979}.Debug|Any CPU.Build.0 = Debug|Any CPU
		{2694B239-8C2F-4F35-BAB0-ED4E92CA6979}.Release|Any CPU.ActiveCfg = Release|Any CPU
		{2694B239-8C2F-4F35-BAB0-ED4E92CA6979}.Release|Any CPU.Build.0 = Release|Any CPU
	EndGlobalSection
	GlobalSection(SolutionProperties) = preSolution
		HideSolutionNode = FALSE
	EndGlobalSection
	GlobalSection(NestedProjects) = preSolution
		{4AA21D0E-BEA0-404E-9B06-1CDFE9640789} = {28801D31-3B54-48BF-953E-9795682EE3B2}
		{BE9074C7-9668-42D3-B23F-F0B6F89407AE} = {28801D31-3B54-48BF-953E-9795682EE3B2}
		{AA99B353-3551-4EED-89F1-252D01B426EE} = {28801D31-3B54-48BF-953E-9795682EE3B2}
		{352B6584-1692-451F-BBE5-8487E3BD4A52} = {D555D269-9FB8-4A40-BE8B-1750A97F7768}
		{52B7FB15-3A24-4673-8730-6880B72C2B6C} = {D555D269-9FB8-4A40-BE8B-1750A97F7768}
	EndGlobalSection
EndGlobal
